
Microsoft Visual Studio Solution File, Format Version 12.00
# Visual Studio Version 17
VisualStudioVersion = 17.8.34511.84
MinimumVisualStudioVersion = 10.0.40219.1
Project("{FAE04EC0-301F-11D3-BF4B-00C04F79EFBC}") = "MspApi", "MspApi\MspApi.csproj", "{A72DED1D-361B-4B49-94BA-11B13C8BCEFA}"
EndProject
Global
	GlobalSection(SolutionConfigurationPlatforms) = preSolution
		Debug|Any CPU = Debug|Any CPU
		Release|Any CPU = Release|Any CPU
	EndGlobalSection
	GlobalSection(ProjectConfigurationPlatforms) = postSolution
		{A72DED1D-361B-4B49-94BA-11B13C8BCEFA}.Debug|Any CPU.ActiveCfg = Debug|Any CPU
		{A72DED1D-361B-4B49-94BA-11B13C8BCEFA}.Debug|Any CPU.Build.0 = Debug|Any CPU
		{A72DED1D-361B-4B49-94BA-11B13C8BCEFA}.Release|Any CPU.ActiveCfg = Release|Any CPU
		{A72DED1D-361B-4B49-94BA-11B13C8BCEFA}.Release|Any CPU.Build.0 = Release|Any CPU
	EndGlobalSection
	GlobalSection(SolutionProperties) = preSolution
		HideSolutionNode = FALSE
	EndGlobalSection
	GlobalSection(ExtensibilityGlobals) = postSolution
		SolutionGuid = {1A9B57BA-F6EF-4673-8D3F-5B7D9E9078BA}
	EndGlobalSection
EndGlobal
